
Microsoft Visual Studio Solution File, Format Version 12.00
# Visual Studio Version 16
VisualStudioVersion = 16.0.29025.244
MinimumVisualStudioVersion = 10.0.40219.1
Project("{FAE04EC0-301F-11D3-BF4B-00C04F79EFBC}") = "FirstTry", "FirstTry\FirstTry.csproj", "{AE83883D-2648-47E8-9748-A2CED04A13F0}"
EndProject
Global
	GlobalSection(SolutionConfigurationPlatforms) = preSolution
		Debug|Any CPU = Debug|Any CPU
		Release|Any CPU = Release|Any CPU
	EndGlobalSection
	GlobalSection(ProjectConfigurationPlatforms) = postSolution
		{AE83883D-2648-47E8-9748-A2CED04A13F0}.Debug|Any CPU.ActiveCfg = Debug|Any CPU
		{AE83883D-2648-47E8-9748-A2CED04A13F0}.Debug|Any CPU.Build.0 = Debug|Any CPU
		{AE83883D-2648-47E8-9748-A2CED04A13F0}.Release|Any CPU.ActiveCfg = Release|Any CPU
		{AE83883D-2648-47E8-9748-A2CED04A13F0}.Release|Any CPU.Build.0 = Release|Any CPU
	EndGlobalSection
	GlobalSection(SolutionProperties) = preSolution
		HideSolutionNode = FALSE
	EndGlobalSection
	GlobalSection(ExtensibilityGlobals) = postSolution
		SolutionGuid = {EE94F573-CD57-425E-BA17-EA05805EFDA0}
	EndGlobalSection
EndGlobal
